
Microsoft Visual Studio Solution File, Format Version 12.00
# Visual Studio Version 16
VisualStudioVersion = 16.0.30517.126
MinimumVisualStudioVersion = 10.0.40219.1
Project("{FAE04EC0-301F-11D3-BF4B-00C04F79EFBC}") = "ptd", "ptd\ptd.csproj", "{2208E541-F404-4660-BEB1-BF0CF0D0FF9E}"
EndProject
Global
	GlobalSection(SolutionConfigurationPlatforms) = preSolution
		Debug|Any CPU = Debug|Any CPU
		Release|Any CPU = Release|Any CPU
	EndGlobalSection
	GlobalSection(ProjectConfigurationPlatforms) = postSolution
		{2208E541-F404-4660-BEB1-BF0CF0D0FF9E}.Debug|Any CPU.ActiveCfg = Debug|Any CPU
		{2208E541-F404-4660-BEB1-BF0CF0D0FF9E}.Debug|Any CPU.Build.0 = Debug|Any CPU
		{2208E541-F404-4660-BEB1-BF0CF0D0FF9E}.Release|Any CPU.ActiveCfg = Release|Any CPU
		{2208E541-F404-4660-BEB1-BF0CF0D0FF9E}.Release|Any CPU.Build.0 = Release|Any CPU
	EndGlobalSection
	GlobalSection(SolutionProperties) = preSolution
		HideSolutionNode = FALSE
	EndGlobalSection
	GlobalSection(ExtensibilityGlobals) = postSolution
		SolutionGuid = {EA3CD9C7-9B2C-4A51-8369-F683CD5A4EC7}
	EndGlobalSection
EndGlobal
